
Microsoft Visual Studio Solution File, Format Version 12.00
# Visual Studio Version 17
VisualStudioVersion = 17.0.31903.59
MinimumVisualStudioVersion = 10.0.40219.1
Project("{FAE04EC0-301F-11D3-BF4B-00C04F79EFBC}") = "Day9Part1", "Day9Part1\Day9Part1.csproj", "{B5A8ECC4-87CD-43D2-8945-A32D227F3D93}"
EndProject
Project("{FAE04EC0-301F-11D3-BF4B-00C04F79EFBC}") = "Day9Part2", "Day9Part2\Day9Part2.csproj", "{5594468A-DD40-460F-AD73-1DD36B977557}"
EndProject
Global
	GlobalSection(SolutionConfigurationPlatforms) = preSolution
		Debug|Any CPU = Debug|Any CPU
		Release|Any CPU = Release|Any CPU
	EndGlobalSection
	GlobalSection(SolutionProperties) = preSolution
		HideSolutionNode = FALSE
	EndGlobalSection
	GlobalSection(ProjectConfigurationPlatforms) = postSolution
		{B5A8ECC4-87CD-43D2-8945-A32D227F3D93}.Debug|Any CPU.ActiveCfg = Debug|Any CPU
		{B5A8ECC4-87CD-43D2-8945-A32D227F3D93}.Debug|Any CPU.Build.0 = Debug|Any CPU
		{B5A8ECC4-87CD-43D2-8945-A32D227F3D93}.Release|Any CPU.ActiveCfg = Release|Any CPU
		{B5A8ECC4-87CD-43D2-8945-A32D227F3D93}.Release|Any CPU.Build.0 = Release|Any CPU
		{5594468A-DD40-460F-AD73-1DD36B977557}.Debug|Any CPU.ActiveCfg = Debug|Any CPU
		{5594468A-DD40-460F-AD73-1DD36B977557}.Debug|Any CPU.Build.0 = Debug|Any CPU
		{5594468A-DD40-460F-AD73-1DD36B977557}.Release|Any CPU.ActiveCfg = Release|Any CPU
		{5594468A-DD40-460F-AD73-1DD36B977557}.Release|Any CPU.Build.0 = Release|Any CPU
	EndGlobalSection
EndGlobal
